// !$*UTF8*$!
{
	archiveVersion = 1;
	classes = {
	};
	objectVersion = 77;
	objects = {

/* Begin PBXBuildFile section */
		013E5BBCA0F00499D645A757 /* MONTRAApp.swift in Sources */ = {isa = PBXBuildFile; fileRef = EC384F94972FB8ABF7F4047A /* MONTRAApp.swift */; };
		04C760A869614C38E0511915 /* TrainerInboxView.swift in Sources */ = {isa = PBXBuildFile; fileRef = 49C1747AB14811CAFAC6BD65 /* TrainerInboxView.swift */; };
		0B5B368675D96420F05FF3D1 /* GoogleService-Info.plist in Resources */ = {isa = PBXBuildFile; fileRef = 7E774ACCC55BF37AAE9812EC /* GoogleService-Info.plist */; };
		0C07373D118ECF9A4C4DE861 /* BookingAPITests.swift in Sources */ = {isa = PBXBuildFile; fileRef = FE19EF1A90622E16944DDB0D /* BookingAPITests.swift */; };
		0CB25A3063729E0FCFA7307F /* ProgressProfileView.swift in Sources */ = {isa = PBXBuildFile; fileRef = CF31AFC30C8CE4F651820006 /* ProgressProfileView.swift */; };
		11B32CB05329DE0D5B193684 /* ProfileMenuSheet.swift in Sources */ = {isa = PBXBuildFile; fileRef = 58248E8AFB62D6F27B3C82F4 /* ProfileMenuSheet.swift */; };
		16C4BE4BA8BD2500C54B0C80 /* TrainerTabView.swift in Sources */ = {isa = PBXBuildFile; fileRef = C3C060E3A69A93327AF0A025 /* TrainerTabView.swift */; };
		1AA531D11A4A7BB1186952D4 /* AssignedProgramCard.swift in Sources */ = {isa = PBXBuildFile; fileRef = 5997E6F0D46AE53D585DB2A1 /* AssignedProgramCard.swift */; };
		1D33D267C4BDCC61461C8EEA /* DashboardView.swift in Sources */ = {isa = PBXBuildFile; fileRef = 29AFF0C6AFD11FE7FCF767AF /* DashboardView.swift */; };
		25AB472302B76E7DF6E9FD88 /* TrainerOrientationView.swift in Sources */ = {isa = PBXBuildFile; fileRef = BBCC8DD3AA9BECEC5F2A2D92 /* TrainerOrientationView.swift */; };
		270A8621D6698C7795B1DB6D /* SessionsView.swift in Sources */ = {isa = PBXBuildFile; fileRef = 9D5593F7A430E689CBF764A2 /* SessionsView.swift */; };
		27290A86FDF7900D3CF1504C /* Assets.xcassets in Resources */ = {isa = PBXBuildFile; fileRef = 1AB31CA4DEDFE8B135674FAA /* Assets.xcassets */; };
		37A77089AD4C7CCDD4A15F47 /* ContentView.swift in Sources */ = {isa = PBXBuildFile; fileRef = CD0F9AFAE98C400E81F11FB1 /* ContentView.swift */; };
		3E8C0FBDBE7966A671DB7309 /* SharedComponents.swift in Sources */ = {isa = PBXBuildFile; fileRef = 5742AE69821EC195A7939EDF /* SharedComponents.swift */; };
		44006F816516B70821E278C7 /* CoachOnTheWayView.swift in Sources */ = {isa = PBXBuildFile; fileRef = 04CE1EBA3457C9C66A51708C /* CoachOnTheWayView.swift */; };
		4E3FE48D21C671F3C6341B8B /* TrainerDashboardView.swift in Sources */ = {isa = PBXBuildFile; fileRef = 67D422E9C092DB5545BAE4B0 /* TrainerDashboardView.swift */; };
		5838CC21C85899EDB9974297 /* ProgressAPI.swift in Sources */ = {isa = PBXBuildFile; fileRef = DFC499BDAAD49D0E28B63F35 /* ProgressAPI.swift */; };
		6599A3CE9374A17F1955FD8D /* SubscriptionManagementView.swift in Sources */ = {isa = PBXBuildFile; fileRef = AA6583B380D225DA2DB01A40 /* SubscriptionManagementView.swift */; };
		67E4B5630E736DE0E234F6D7 /* ChatModels.swift in Sources */ = {isa = PBXBuildFile; fileRef = 5CC67B1970619EB52F6B6AA0 /* ChatModels.swift */; };
		6B2F0DD03D46904F07761151 /* ImpactSummaryView.swift in Sources */ = {isa = PBXBuildFile; fileRef = 5365DAED4EFEDA69153BA361 /* ImpactSummaryView.swift */; };
		6F143A4FA58A2A01D6847DA4 /* OnboardingQuizView.swift in Sources */ = {isa = PBXBuildFile; fileRef = 8C31E6B650BAA18062C8E862 /* OnboardingQuizView.swift */; };
		70C6192DF40EF400FD8C689B /* ClientSchedulesView.swift in Sources */ = {isa = PBXBuildFile; fileRef = 9F223686D574CF3903786E95 /* ClientSchedulesView.swift */; };
		89A45C0EFCE6FFFDA0551EF1 /* IntroBookingView.swift in Sources */ = {isa = PBXBuildFile; fileRef = D26DE9FCB186900DE9580B90 /* IntroBookingView.swift */; };
		8A4A0DF89D00297F68849F65 /* AuthManager.swift in Sources */ = {isa = PBXBuildFile; fileRef = F1AD8584BC907F0E9AAA1BBA /* AuthManager.swift */; };
		97515F6D3A0CFF1439585311 /* LoginView.swift in Sources */ = {isa = PBXBuildFile; fileRef = 862A677FF5122F8C56A8F460 /* LoginView.swift */; };
		A1862D4BE4E2E5201565D94C /* LiveDataConnectivity.swift in Sources */ = {isa = PBXBuildFile; fileRef = B59670A1295AC6C55956DD37 /* LiveDataConnectivity.swift */; };
		A454CD533725A1DCDF1B5452 /* ProgressView.swift in Sources */ = {isa = PBXBuildFile; fileRef = 22FC335F43503AFBD39D9B67 /* ProgressView.swift */; };
		A6958B59C26198F93F9ABA3A /* TrainerProgress.swift in Sources */ = {isa = PBXBuildFile; fileRef = 1F3CACE5834CF2C04AD3C45C /* TrainerProgress.swift */; };
		AF0EE205986532BE38E998A0 /* ProgramBuilderSheet.swift in Sources */ = {isa = PBXBuildFile; fileRef = E73A8B77569BB0833A79EC39 /* ProgramBuilderSheet.swift */; };
		AFBA2D7AFFF5A19BF2D521F6 /* MontraCompactTopBar.swift in Sources */ = {isa = PBXBuildFile; fileRef = B5136A81B3A141BC939C5F89 /* MontraCompactTopBar.swift */; };
		BB29FA7D141A1C63C3449F1D /* ProgramAPI.swift in Sources */ = {isa = PBXBuildFile; fileRef = B01DF3D987C06D7A6A5A21CA /* ProgramAPI.swift */; };
		BCEF887FD807991C87F9152C /* TrainerAgreementView.swift in Sources */ = {isa = PBXBuildFile; fileRef = 4CB2F152A8928645AD9B22D9 /* TrainerAgreementView.swift */; };
		BF2754ED2D13670673DC9566 /* ImpactAPI.swift in Sources */ = {isa = PBXBuildFile; fileRef = 1DA5B8918DC55DFAB40F8F0F /* ImpactAPI.swift */; };
		C02DB6CAC6197D6E2F438BAD /* MessagesView.swift in Sources */ = {isa = PBXBuildFile; fileRef = 6CE961CD047FDE66F2DF35D4 /* MessagesView.swift */; };
		C04724021DC24758771D90EC /* SessionPreviewCard.swift in Sources */ = {isa = PBXBuildFile; fileRef = 5A181511D8758965229F87EF /* SessionPreviewCard.swift */; };
		C171B7607A773B25DEDD8247 /* TrainerProgramsView.swift in Sources */ = {isa = PBXBuildFile; fileRef = 816B0C9B88470822F0525D2C /* TrainerProgramsView.swift */; };
		C293968526165884FC106CDA /* StripePaymentSheet in Frameworks */ = {isa = PBXBuildFile; productRef = E4DD94AEEAA8C8CC006D9076 /* StripePaymentSheet */; };
		C6832998D3807229704A9C5C /* DEPLOY_AND_TEST_TODAY.md in Resources */ = {isa = PBXBuildFile; fileRef = DE75BD7B6699467727C56640 /* DEPLOY_AND_TEST_TODAY.md */; };
		C9EEAE61062BDAF481CC63C9 /* MONTRA_AND_WEBSITE_ARCHITECTURE_GUIDE.md in Resources */ = {isa = PBXBuildFile; fileRef = E46D8EFBF31AD9B88C19818C /* MONTRA_AND_WEBSITE_ARCHITECTURE_GUIDE.md */; };
		CC86F46ED705CEBFEBA3B8B2 /* ImpactFlowView.swift in Sources */ = {isa = PBXBuildFile; fileRef = F80AC1616F4DE38D6801C39E /* ImpactFlowView.swift */; };
		D5EC8EC352862066FE2D46FC /* TrainerProgressTests.swift in Sources */ = {isa = PBXBuildFile; fileRef = 46EEADCE7F410B5E162EADBF /* TrainerProgressTests.swift */; };
		E01365D9DA74131BB7E653FC /* BookingAPI.swift in Sources */ = {isa = PBXBuildFile; fileRef = 524ED06C69FDA48EFBC34169 /* BookingAPI.swift */; };
		E0F07D4671B3E4F48A57722A /* FirebaseMessaging in Frameworks */ = {isa = PBXBuildFile; productRef = E84CC16AD8615D0E9C50AEDE /* FirebaseMessaging */; };
		E239D9139198325DF1471065 /* PushNotificationManager.swift in Sources */ = {isa = PBXBuildFile; fileRef = 4C64F7A5CE5A64B30BF464B3 /* PushNotificationManager.swift */; };
		E7176CE486798E6F189DF222 /* ProgramCheckoutView.swift in Sources */ = {isa = PBXBuildFile; fileRef = 4B8176D1350265581CBF093C /* ProgramCheckoutView.swift */; };
		E81191F04DD6C64F6C42619D /* NotificationsView.swift in Sources */ = {isa = PBXBuildFile; fileRef = 71F506439AA346F5E43B5C4C /* NotificationsView.swift */; };
		ED0F611749CCC6B20EFEBBEC /* Theme.swift in Sources */ = {isa = PBXBuildFile; fileRef = 67A4AFFCD3600FC75FB826A8 /* Theme.swift */; };
		EE451267036BB5E07BBF1E1D /* FirebaseAuth in Frameworks */ = {isa = PBXBuildFile; productRef = 0CA30C01512DEA2A9B503157 /* FirebaseAuth */; };
		F4D71A41C0E8305A58041191 /* AppDelegate.swift in Sources */ = {isa = PBXBuildFile; fileRef = AB4BCFC481DE89C4708F65F5 /* AppDelegate.swift */; };
		FA9B9432855047FE5B58306F /* SessionDetailView.swift in Sources */ = {isa = PBXBuildFile; fileRef = 4EEE315C5993F668C5E4C689 /* SessionDetailView.swift */; };
		FF1CD4AF86EBC6FBB65A9B6A /* TrainerSessionsView.swift in Sources */ = {isa = PBXBuildFile; fileRef = 52B3013F697BAF84CD5EAC4F /* TrainerSessionsView.swift */; };
/* End PBXBuildFile section */

/* Begin PBXContainerItemProxy section */
		8F2C4E72906A20414A3E1B39 /* PBXContainerItemProxy */ = {
			isa = PBXContainerItemProxy;
			containerPortal = CAD69D8301143C035D025FCE /* Project object */;
			proxyType = 1;
			remoteGlobalIDString = A63E3E4F48678A0DAB5BD5CA;
			remoteInfo = MONTRA;
		};
/* End PBXContainerItemProxy section */

/* Begin PBXFileReference section */
		04CE1EBA3457C9C66A51708C /* CoachOnTheWayView.swift */ = {isa = PBXFileReference; lastKnownFileType = sourcecode.swift; path = CoachOnTheWayView.swift; sourceTree = "<group>"; };
		1AB31CA4DEDFE8B135674FAA /* Assets.xcassets */ = {isa = PBXFileReference; lastKnownFileType = folder.assetcatalog; path = Assets.xcassets; sourceTree = "<group>"; };
		1DA5B8918DC55DFAB40F8F0F /* ImpactAPI.swift */ = {isa = PBXFileReference; lastKnownFileType = sourcecode.swift; path = ImpactAPI.swift; sourceTree = "<group>"; };
		1F3CACE5834CF2C04AD3C45C /* TrainerProgress.swift */ = {isa = PBXFileReference; lastKnownFileType = sourcecode.swift; path = TrainerProgress.swift; sourceTree = "<group>"; };
		22FC335F43503AFBD39D9B67 /* ProgressView.swift */ = {isa = PBXFileReference; lastKnownFileType = sourcecode.swift; path = ProgressView.swift; sourceTree = "<group>"; };
		29AFF0C6AFD11FE7FCF767AF /* DashboardView.swift */ = {isa = PBXFileReference; lastKnownFileType = sourcecode.swift; path = DashboardView.swift; sourceTree = "<group>"; };
		46EEADCE7F410B5E162EADBF /* TrainerProgressTests.swift */ = {isa = PBXFileReference; lastKnownFileType = sourcecode.swift; path = TrainerProgressTests.swift; sourceTree = "<group>"; };
		49C1747AB14811CAFAC6BD65 /* TrainerInboxView.swift */ = {isa = PBXFileReference; lastKnownFileType = sourcecode.swift; path = TrainerInboxView.swift; sourceTree = "<group>"; };
		4B8176D1350265581CBF093C /* ProgramCheckoutView.swift */ = {isa = PBXFileReference; lastKnownFileType = sourcecode.swift; path = ProgramCheckoutView.swift; sourceTree = "<group>"; };
		4C64F7A5CE5A64B30BF464B3 /* PushNotificationManager.swift */ = {isa = PBXFileReference; lastKnownFileType = sourcecode.swift; path = PushNotificationManager.swift; sourceTree = "<group>"; };
		4CB2F152A8928645AD9B22D9 /* TrainerAgreementView.swift */ = {isa = PBXFileReference; lastKnownFileType = sourcecode.swift; path = TrainerAgreementView.swift; sourceTree = "<group>"; };
		4EEE315C5993F668C5E4C689 /* SessionDetailView.swift */ = {isa = PBXFileReference; lastKnownFileType = sourcecode.swift; path = SessionDetailView.swift; sourceTree = "<group>"; };
		524ED06C69FDA48EFBC34169 /* BookingAPI.swift */ = {isa = PBXFileReference; lastKnownFileType = sourcecode.swift; path = BookingAPI.swift; sourceTree = "<group>"; };
		52B3013F697BAF84CD5EAC4F /* TrainerSessionsView.swift */ = {isa = PBXFileReference; lastKnownFileType = sourcecode.swift; path = TrainerSessionsView.swift; sourceTree = "<group>"; };
		5365DAED4EFEDA69153BA361 /* ImpactSummaryView.swift */ = {isa = PBXFileReference; lastKnownFileType = sourcecode.swift; path = ImpactSummaryView.swift; sourceTree = "<group>"; };
		5742AE69821EC195A7939EDF /* SharedComponents.swift */ = {isa = PBXFileReference; lastKnownFileType = sourcecode.swift; path = SharedComponents.swift; sourceTree = "<group>"; };
		58248E8AFB62D6F27B3C82F4 /* ProfileMenuSheet.swift */ = {isa = PBXFileReference; lastKnownFileType = sourcecode.swift; path = ProfileMenuSheet.swift; sourceTree = "<group>"; };
		5997E6F0D46AE53D585DB2A1 /* AssignedProgramCard.swift */ = {isa = PBXFileReference; lastKnownFileType = sourcecode.swift; path = AssignedProgramCard.swift; sourceTree = "<group>"; };
		5A181511D8758965229F87EF /* SessionPreviewCard.swift */ = {isa = PBXFileReference; lastKnownFileType = sourcecode.swift; path = SessionPreviewCard.swift; sourceTree = "<group>"; };
		5CC67B1970619EB52F6B6AA0 /* ChatModels.swift */ = {isa = PBXFileReference; lastKnownFileType = sourcecode.swift; path = ChatModels.swift; sourceTree = "<group>"; };
		67A4AFFCD3600FC75FB826A8 /* Theme.swift */ = {isa = PBXFileReference; lastKnownFileType = sourcecode.swift; path = Theme.swift; sourceTree = "<group>"; };
		67D422E9C092DB5545BAE4B0 /* TrainerDashboardView.swift */ = {isa = PBXFileReference; lastKnownFileType = sourcecode.swift; path = TrainerDashboardView.swift; sourceTree = "<group>"; };
		6CE961CD047FDE66F2DF35D4 /* MessagesView.swift */ = {isa = PBXFileReference; lastKnownFileType = sourcecode.swift; path = MessagesView.swift; sourceTree = "<group>"; };
		71F506439AA346F5E43B5C4C /* NotificationsView.swift */ = {isa = PBXFileReference; lastKnownFileType = sourcecode.swift; path = NotificationsView.swift; sourceTree = "<group>"; };
		7216945B5067A4188710141F /* MONTRA.entitlements */ = {isa = PBXFileReference; lastKnownFileType = text.plist.entitlements; path = MONTRA.entitlements; sourceTree = "<group>"; };
		7E774ACCC55BF37AAE9812EC /* GoogleService-Info.plist */ = {isa = PBXFileReference; lastKnownFileType = text.plist; path = "GoogleService-Info.plist"; sourceTree = "<group>"; };
		816B0C9B88470822F0525D2C /* TrainerProgramsView.swift */ = {isa = PBXFileReference; lastKnownFileType = sourcecode.swift; path = TrainerProgramsView.swift; sourceTree = "<group>"; };
		862A677FF5122F8C56A8F460 /* LoginView.swift */ = {isa = PBXFileReference; lastKnownFileType = sourcecode.swift; path = LoginView.swift; sourceTree = "<group>"; };
		8C31E6B650BAA18062C8E862 /* OnboardingQuizView.swift */ = {isa = PBXFileReference; lastKnownFileType = sourcecode.swift; path = OnboardingQuizView.swift; sourceTree = "<group>"; };
		8CD8FCDB2943F6D915C973C5 /* Info.plist */ = {isa = PBXFileReference; lastKnownFileType = text.plist; path = Info.plist; sourceTree = "<group>"; };
		9D5593F7A430E689CBF764A2 /* SessionsView.swift */ = {isa = PBXFileReference; lastKnownFileType = sourcecode.swift; path = SessionsView.swift; sourceTree = "<group>"; };
		9F223686D574CF3903786E95 /* ClientSchedulesView.swift */ = {isa = PBXFileReference; lastKnownFileType = sourcecode.swift; path = ClientSchedulesView.swift; sourceTree = "<group>"; };
		AA6583B380D225DA2DB01A40 /* SubscriptionManagementView.swift */ = {isa = PBXFileReference; lastKnownFileType = sourcecode.swift; path = SubscriptionManagementView.swift; sourceTree = "<group>"; };
		AB4BCFC481DE89C4708F65F5 /* AppDelegate.swift */ = {isa = PBXFileReference; lastKnownFileType = sourcecode.swift; path = AppDelegate.swift; sourceTree = "<group>"; };
		B01DF3D987C06D7A6A5A21CA /* ProgramAPI.swift */ = {isa = PBXFileReference; lastKnownFileType = sourcecode.swift; path = ProgramAPI.swift; sourceTree = "<group>"; };
		B5136A81B3A141BC939C5F89 /* MontraCompactTopBar.swift */ = {isa = PBXFileReference; lastKnownFileType = sourcecode.swift; path = MontraCompactTopBar.swift; sourceTree = "<group>"; };
		B59670A1295AC6C55956DD37 /* LiveDataConnectivity.swift */ = {isa = PBXFileReference; lastKnownFileType = sourcecode.swift; path = LiveDataConnectivity.swift; sourceTree = "<group>"; };
		BBCC8DD3AA9BECEC5F2A2D92 /* TrainerOrientationView.swift */ = {isa = PBXFileReference; lastKnownFileType = sourcecode.swift; path = TrainerOrientationView.swift; sourceTree = "<group>"; };
		C3C060E3A69A93327AF0A025 /* TrainerTabView.swift */ = {isa = PBXFileReference; lastKnownFileType = sourcecode.swift; path = TrainerTabView.swift; sourceTree = "<group>"; };
		CD0F9AFAE98C400E81F11FB1 /* ContentView.swift */ = {isa = PBXFileReference; lastKnownFileType = sourcecode.swift; path = ContentView.swift; sourceTree = "<group>"; };
		CF31AFC30C8CE4F651820006 /* ProgressProfileView.swift */ = {isa = PBXFileReference; lastKnownFileType = sourcecode.swift; path = ProgressProfileView.swift; sourceTree = "<group>"; };
		D26DE9FCB186900DE9580B90 /* IntroBookingView.swift */ = {isa = PBXFileReference; lastKnownFileType = sourcecode.swift; path = IntroBookingView.swift; sourceTree = "<group>"; };
		DE75BD7B6699467727C56640 /* DEPLOY_AND_TEST_TODAY.md */ = {isa = PBXFileReference; lastKnownFileType = net.daringfireball.markdown; path = DEPLOY_AND_TEST_TODAY.md; sourceTree = "<group>"; };
		DFC499BDAAD49D0E28B63F35 /* ProgressAPI.swift */ = {isa = PBXFileReference; lastKnownFileType = sourcecode.swift; path = ProgressAPI.swift; sourceTree = "<group>"; };
		E46D8EFBF31AD9B88C19818C /* MONTRA_AND_WEBSITE_ARCHITECTURE_GUIDE.md */ = {isa = PBXFileReference; lastKnownFileType = net.daringfireball.markdown; path = MONTRA_AND_WEBSITE_ARCHITECTURE_GUIDE.md; sourceTree = "<group>"; };
		E73A8B77569BB0833A79EC39 /* ProgramBuilderSheet.swift */ = {isa = PBXFileReference; lastKnownFileType = sourcecode.swift; path = ProgramBuilderSheet.swift; sourceTree = "<group>"; };
		EC384F94972FB8ABF7F4047A /* MONTRAApp.swift */ = {isa = PBXFileReference; lastKnownFileType = sourcecode.swift; path = MONTRAApp.swift; sourceTree = "<group>"; };
		EE2E4F48451BEE882952C006 /* MONTRATests.xctest */ = {isa = PBXFileReference; includeInIndex = 0; lastKnownFileType = wrapper.cfbundle; path = MONTRATests.xctest; sourceTree = BUILT_PRODUCTS_DIR; };
		F1AD8584BC907F0E9AAA1BBA /* AuthManager.swift */ = {isa = PBXFileReference; lastKnownFileType = sourcecode.swift; path = AuthManager.swift; sourceTree = "<group>"; };
		F80AC1616F4DE38D6801C39E /* ImpactFlowView.swift */ = {isa = PBXFileReference; lastKnownFileType = sourcecode.swift; path = ImpactFlowView.swift; sourceTree = "<group>"; };
		FC14FA3CEE2D2EC1C1FE7336 /* MONTRA.app */ = {isa = PBXFileReference; includeInIndex = 0; lastKnownFileType = wrapper.application; path = MONTRA.app; sourceTree = BUILT_PRODUCTS_DIR; };
		FE19EF1A90622E16944DDB0D /* BookingAPITests.swift */ = {isa = PBXFileReference; lastKnownFileType = sourcecode.swift; path = BookingAPITests.swift; sourceTree = "<group>"; };
/* End PBXFileReference section */

/* Begin PBXFrameworksBuildPhase section */
		E9AD6278A8BC9C45E7BE2A78 /* Frameworks */ = {
			isa = PBXFrameworksBuildPhase;
			buildActionMask = 2147483647;
			files = (
				EE451267036BB5E07BBF1E1D /* FirebaseAuth in Frameworks */,
				E0F07D4671B3E4F48A57722A /* FirebaseMessaging in Frameworks */,
				C293968526165884FC106CDA /* StripePaymentSheet in Frameworks */,
			);
			runOnlyForDeploymentPostprocessing = 0;
		};
/* End PBXFrameworksBuildPhase section */

/* Begin PBXGroup section */
		00D4DE441EC637693F3928D9 /* Products */ = {
			isa = PBXGroup;
			children = (
				FC14FA3CEE2D2EC1C1FE7336 /* MONTRA.app */,
				EE2E4F48451BEE882952C006 /* MONTRATests.xctest */,
			);
			name = Products;
			sourceTree = "<group>";
		};
		86551AD9BFF79BA03BF86277 /* MONTRATests */ = {
			isa = PBXGroup;
			children = (
				FE19EF1A90622E16944DDB0D /* BookingAPITests.swift */,
				46EEADCE7F410B5E162EADBF /* TrainerProgressTests.swift */,
			);
			path = MONTRATests;
			sourceTree = "<group>";
		};
		C6C9721346DA21C3A3598C2E = {
			isa = PBXGroup;
			children = (
				D9B28CE0CCDEFD0AFB1C5DB5 /* MONTRA */,
				86551AD9BFF79BA03BF86277 /* MONTRATests */,
				00D4DE441EC637693F3928D9 /* Products */,
			);
			sourceTree = "<group>";
		};
		D9B28CE0CCDEFD0AFB1C5DB5 /* MONTRA */ = {
			isa = PBXGroup;
			children = (
				AB4BCFC481DE89C4708F65F5 /* AppDelegate.swift */,
				1AB31CA4DEDFE8B135674FAA /* Assets.xcassets */,
				5997E6F0D46AE53D585DB2A1 /* AssignedProgramCard.swift */,
				F1AD8584BC907F0E9AAA1BBA /* AuthManager.swift */,
				524ED06C69FDA48EFBC34169 /* BookingAPI.swift */,
				5CC67B1970619EB52F6B6AA0 /* ChatModels.swift */,
				9F223686D574CF3903786E95 /* ClientSchedulesView.swift */,
				04CE1EBA3457C9C66A51708C /* CoachOnTheWayView.swift */,
				CD0F9AFAE98C400E81F11FB1 /* ContentView.swift */,
				29AFF0C6AFD11FE7FCF767AF /* DashboardView.swift */,
				DE75BD7B6699467727C56640 /* DEPLOY_AND_TEST_TODAY.md */,
				7E774ACCC55BF37AAE9812EC /* GoogleService-Info.plist */,
				1DA5B8918DC55DFAB40F8F0F /* ImpactAPI.swift */,
				F80AC1616F4DE38D6801C39E /* ImpactFlowView.swift */,
				5365DAED4EFEDA69153BA361 /* ImpactSummaryView.swift */,
				8CD8FCDB2943F6D915C973C5 /* Info.plist */,
				D26DE9FCB186900DE9580B90 /* IntroBookingView.swift */,
				B59670A1295AC6C55956DD37 /* LiveDataConnectivity.swift */,
				862A677FF5122F8C56A8F460 /* LoginView.swift */,
				6CE961CD047FDE66F2DF35D4 /* MessagesView.swift */,
				E46D8EFBF31AD9B88C19818C /* MONTRA_AND_WEBSITE_ARCHITECTURE_GUIDE.md */,
				7216945B5067A4188710141F /* MONTRA.entitlements */,
				EC384F94972FB8ABF7F4047A /* MONTRAApp.swift */,
				B5136A81B3A141BC939C5F89 /* MontraCompactTopBar.swift */,
				71F506439AA346F5E43B5C4C /* NotificationsView.swift */,
				8C31E6B650BAA18062C8E862 /* OnboardingQuizView.swift */,
				58248E8AFB62D6F27B3C82F4 /* ProfileMenuSheet.swift */,
				B01DF3D987C06D7A6A5A21CA /* ProgramAPI.swift */,
				E73A8B77569BB0833A79EC39 /* ProgramBuilderSheet.swift */,
				4B8176D1350265581CBF093C /* ProgramCheckoutView.swift */,
				DFC499BDAAD49D0E28B63F35 /* ProgressAPI.swift */,
				CF31AFC30C8CE4F651820006 /* ProgressProfileView.swift */,
				22FC335F43503AFBD39D9B67 /* ProgressView.swift */,
				4C64F7A5CE5A64B30BF464B3 /* PushNotificationManager.swift */,
				4EEE315C5993F668C5E4C689 /* SessionDetailView.swift */,
				5A181511D8758965229F87EF /* SessionPreviewCard.swift */,
				9D5593F7A430E689CBF764A2 /* SessionsView.swift */,
				5742AE69821EC195A7939EDF /* SharedComponents.swift */,
				AA6583B380D225DA2DB01A40 /* SubscriptionManagementView.swift */,
				67A4AFFCD3600FC75FB826A8 /* Theme.swift */,
				4CB2F152A8928645AD9B22D9 /* TrainerAgreementView.swift */,
				67D422E9C092DB5545BAE4B0 /* TrainerDashboardView.swift */,
				49C1747AB14811CAFAC6BD65 /* TrainerInboxView.swift */,
				BBCC8DD3AA9BECEC5F2A2D92 /* TrainerOrientationView.swift */,
				816B0C9B88470822F0525D2C /* TrainerProgramsView.swift */,
				1F3CACE5834CF2C04AD3C45C /* TrainerProgress.swift */,
				52B3013F697BAF84CD5EAC4F /* TrainerSessionsView.swift */,
				C3C060E3A69A93327AF0A025 /* TrainerTabView.swift */,
			);
			path = MONTRA;
			sourceTree = "<group>";
		};
/* End PBXGroup section */

/* Begin PBXNativeTarget section */
		3DF80C56C8C87760A41809C3 /* MONTRATests */ = {
			isa = PBXNativeTarget;
			buildConfigurationList = C3749FF1E001A9D890ECC424 /* Build configuration list for PBXNativeTarget "MONTRATests" */;
			buildPhases = (
				D66FF26B8028D3B9D90AA1C3 /* Sources */,
			);
			buildRules = (
			);
			dependencies = (
				7623122B92BBD6E333CE6C8E /* PBXTargetDependency */,
			);
			name = MONTRATests;
			packageProductDependencies = (
			);
			productName = MONTRATests;
			productReference = EE2E4F48451BEE882952C006 /* MONTRATests.xctest */;
			productType = "com.apple.product-type.bundle.unit-test";
		};
		A63E3E4F48678A0DAB5BD5CA /* MONTRA */ = {
			isa = PBXNativeTarget;
			buildConfigurationList = 21B07A06AB42764323DA18CC /* Build configuration list for PBXNativeTarget "MONTRA" */;
			buildPhases = (
				1B2454C76F9D38AE504D0B8B /* Sources */,
				5DC024588CA30AF0EF801E23 /* Resources */,
				E9AD6278A8BC9C45E7BE2A78 /* Frameworks */,
			);
			buildRules = (
			);
			dependencies = (
			);
			name = MONTRA;
			packageProductDependencies = (
				0CA30C01512DEA2A9B503157 /* FirebaseAuth */,
				E84CC16AD8615D0E9C50AEDE /* FirebaseMessaging */,
				E4DD94AEEAA8C8CC006D9076 /* StripePaymentSheet */,
			);
			productName = MONTRA;
			productReference = FC14FA3CEE2D2EC1C1FE7336 /* MONTRA.app */;
			productType = "com.apple.product-type.application";
		};
/* End PBXNativeTarget section */

/* Begin PBXProject section */
		CAD69D8301143C035D025FCE /* Project object */ = {
			isa = PBXProject;
			attributes = {
				BuildIndependentTargetsInParallel = YES;
				LastUpgradeCheck = 1430;
				TargetAttributes = {
					A63E3E4F48678A0DAB5BD5CA = {
						DevelopmentTeam = X29HP9D526;
						ProvisioningStyle = Automatic;
					};
				};
			};
			buildConfigurationList = 3543EDF9DF1AAB8ADB194413 /* Build configuration list for PBXProject "MONTRA" */;
			developmentRegion = en;
			hasScannedForEncodings = 0;
			knownRegions = (
				Base,
				en,
			);
			mainGroup = C6C9721346DA21C3A3598C2E;
			minimizedProjectReferenceProxies = 1;
			packageReferences = (
				F8B82E658239FF74FFF3AF72 /* XCRemoteSwiftPackageReference "firebase-ios-sdk" */,
				9C94903CC880F3914F7AF4B9 /* XCRemoteSwiftPackageReference "stripe-ios-spm" */,
			);
			preferredProjectObjectVersion = 77;
			productRefGroup = 00D4DE441EC637693F3928D9 /* Products */;
			projectDirPath = "";
			projectRoot = "";
			targets = (
				A63E3E4F48678A0DAB5BD5CA /* MONTRA */,
				3DF80C56C8C87760A41809C3 /* MONTRATests */,
			);
		};
/* End PBXProject section */

/* Begin PBXResourcesBuildPhase section */
		5DC024588CA30AF0EF801E23 /* Resources */ = {
			isa = PBXResourcesBuildPhase;
			buildActionMask = 2147483647;
			files = (
				27290A86FDF7900D3CF1504C /* Assets.xcassets in Resources */,
				C6832998D3807229704A9C5C /* DEPLOY_AND_TEST_TODAY.md in Resources */,
				0B5B368675D96420F05FF3D1 /* GoogleService-Info.plist in Resources */,
				C9EEAE61062BDAF481CC63C9 /* MONTRA_AND_WEBSITE_ARCHITECTURE_GUIDE.md in Resources */,
			);
			runOnlyForDeploymentPostprocessing = 0;
		};
/* End PBXResourcesBuildPhase section */

/* Begin PBXSourcesBuildPhase section */
		1B2454C76F9D38AE504D0B8B /* Sources */ = {
			isa = PBXSourcesBuildPhase;
			buildActionMask = 2147483647;
			files = (
				F4D71A41C0E8305A58041191 /* AppDelegate.swift in Sources */,
				1AA531D11A4A7BB1186952D4 /* AssignedProgramCard.swift in Sources */,
				8A4A0DF89D00297F68849F65 /* AuthManager.swift in Sources */,
				E01365D9DA74131BB7E653FC /* BookingAPI.swift in Sources */,
				67E4B5630E736DE0E234F6D7 /* ChatModels.swift in Sources */,
				70C6192DF40EF400FD8C689B /* ClientSchedulesView.swift in Sources */,
				44006F816516B70821E278C7 /* CoachOnTheWayView.swift in Sources */,
				37A77089AD4C7CCDD4A15F47 /* ContentView.swift in Sources */,
				1D33D267C4BDCC61461C8EEA /* DashboardView.swift in Sources */,
				BF2754ED2D13670673DC9566 /* ImpactAPI.swift in Sources */,
				CC86F46ED705CEBFEBA3B8B2 /* ImpactFlowView.swift in Sources */,
				6B2F0DD03D46904F07761151 /* ImpactSummaryView.swift in Sources */,
				89A45C0EFCE6FFFDA0551EF1 /* IntroBookingView.swift in Sources */,
				A1862D4BE4E2E5201565D94C /* LiveDataConnectivity.swift in Sources */,
				97515F6D3A0CFF1439585311 /* LoginView.swift in Sources */,
				013E5BBCA0F00499D645A757 /* MONTRAApp.swift in Sources */,
				C02DB6CAC6197D6E2F438BAD /* MessagesView.swift in Sources */,
				AFBA2D7AFFF5A19BF2D521F6 /* MontraCompactTopBar.swift in Sources */,
				E81191F04DD6C64F6C42619D /* NotificationsView.swift in Sources */,
				6F143A4FA58A2A01D6847DA4 /* OnboardingQuizView.swift in Sources */,
				11B32CB05329DE0D5B193684 /* ProfileMenuSheet.swift in Sources */,
				BB29FA7D141A1C63C3449F1D /* ProgramAPI.swift in Sources */,
				AF0EE205986532BE38E998A0 /* ProgramBuilderSheet.swift in Sources */,
				E7176CE486798E6F189DF222 /* ProgramCheckoutView.swift in Sources */,
				5838CC21C85899EDB9974297 /* ProgressAPI.swift in Sources */,
				0CB25A3063729E0FCFA7307F /* ProgressProfileView.swift in Sources */,
				A454CD533725A1DCDF1B5452 /* ProgressView.swift in Sources */,
				E239D9139198325DF1471065 /* PushNotificationManager.swift in Sources */,
				FA9B9432855047FE5B58306F /* SessionDetailView.swift in Sources */,
				C04724021DC24758771D90EC /* SessionPreviewCard.swift in Sources */,
				270A8621D6698C7795B1DB6D /* SessionsView.swift in Sources */,
				3E8C0FBDBE7966A671DB7309 /* SharedComponents.swift in Sources */,
				6599A3CE9374A17F1955FD8D /* SubscriptionManagementView.swift in Sources */,
				ED0F611749CCC6B20EFEBBEC /* Theme.swift in Sources */,
				BCEF887FD807991C87F9152C /* TrainerAgreementView.swift in Sources */,
				4E3FE48D21C671F3C6341B8B /* TrainerDashboardView.swift in Sources */,
				04C760A869614C38E0511915 /* TrainerInboxView.swift in Sources */,
				25AB472302B76E7DF6E9FD88 /* TrainerOrientationView.swift in Sources */,
				C171B7607A773B25DEDD8247 /* TrainerProgramsView.swift in Sources */,
				A6958B59C26198F93F9ABA3A /* TrainerProgress.swift in Sources */,
				FF1CD4AF86EBC6FBB65A9B6A /* TrainerSessionsView.swift in Sources */,
				16C4BE4BA8BD2500C54B0C80 /* TrainerTabView.swift in Sources */,
			);
			runOnlyForDeploymentPostprocessing = 0;
		};
		D66FF26B8028D3B9D90AA1C3 /* Sources */ = {
			isa = PBXSourcesBuildPhase;
			buildActionMask = 2147483647;
			files = (
				0C07373D118ECF9A4C4DE861 /* BookingAPITests.swift in Sources */,
				D5EC8EC352862066FE2D46FC /* TrainerProgressTests.swift in Sources */,
			);
			runOnlyForDeploymentPostprocessing = 0;
		};
/* End PBXSourcesBuildPhase section */

/* Begin PBXTargetDependency section */
		7623122B92BBD6E333CE6C8E /* PBXTargetDependency */ = {
			isa = PBXTargetDependency;
			target = A63E3E4F48678A0DAB5BD5CA /* MONTRA */;
			targetProxy = 8F2C4E72906A20414A3E1B39 /* PBXContainerItemProxy */;
		};
/* End PBXTargetDependency section */

/* Begin XCBuildConfiguration section */
		0209E1A74D208DD8F9F3C6DC /* Release */ = {
			isa = XCBuildConfiguration;
			buildSettings = {
				ALWAYS_SEARCH_USER_PATHS = NO;
				CLANG_ANALYZER_NONNULL = YES;
				CLANG_ANALYZER_NUMBER_OBJECT_CONVERSION = YES_AGGRESSIVE;
				CLANG_CXX_LANGUAGE_STANDARD = "gnu++14";
				CLANG_CXX_LIBRARY = "libc++";
				CLANG_ENABLE_MODULES = YES;
				CLANG_ENABLE_OBJC_ARC = YES;
				CLANG_ENABLE_OBJC_WEAK = YES;
				CLANG_WARN_BLOCK_CAPTURE_AUTORELEASING = YES;
				CLANG_WARN_BOOL_CONVERSION = YES;
				CLANG_WARN_COMMA = YES;
				CLANG_WARN_CONSTANT_CONVERSION = YES;
				CLANG_WARN_DEPRECATED_OBJC_IMPLEMENTATIONS = YES;
				CLANG_WARN_DIRECT_OBJC_ISA_USAGE = YES_ERROR;
				CLANG_WARN_DOCUMENTATION_COMMENTS = YES;
				CLANG_WARN_EMPTY_BODY = YES;
				CLANG_WARN_ENUM_CONVERSION = YES;
				CLANG_WARN_INFINITE_RECURSION = YES;
				CLANG_WARN_INT_CONVERSION = YES;
				CLANG_WARN_NON_LITERAL_NULL_CONVERSION = YES;
				CLANG_WARN_OBJC_IMPLICIT_RETAIN_SELF = YES;
				CLANG_WARN_OBJC_LITERAL_CONVERSION = YES;
				CLANG_WARN_OBJC_ROOT_CLASS = YES_ERROR;
				CLANG_WARN_QUOTED_INCLUDE_IN_FRAMEWORK_HEADER = YES;
				CLANG_WARN_RANGE_LOOP_ANALYSIS = YES;
				CLANG_WARN_STRICT_PROTOTYPES = YES;
				CLANG_WARN_SUSPICIOUS_MOVE = YES;
				CLANG_WARN_UNGUARDED_AVAILABILITY = YES_AGGRESSIVE;
				CLANG_WARN_UNREACHABLE_CODE = YES;
				CLANG_WARN__DUPLICATE_METHOD_MATCH = YES;
				COPY_PHASE_STRIP = NO;
				DEBUG_INFORMATION_FORMAT = "dwarf-with-dsym";
				ENABLE_NS_ASSERTIONS = NO;
				ENABLE_STRICT_OBJC_MSGSEND = YES;
				GCC_C_LANGUAGE_STANDARD = gnu11;
				GCC_NO_COMMON_BLOCKS = YES;
				GCC_WARN_64_TO_32_BIT_CONVERSION = YES;
				GCC_WARN_ABOUT_RETURN_TYPE = YES_ERROR;
				GCC_WARN_UNDECLARED_SELECTOR = YES;
				GCC_WARN_UNINITIALIZED_AUTOS = YES_AGGRESSIVE;
				GCC_WARN_UNUSED_FUNCTION = YES;
				GCC_WARN_UNUSED_VARIABLE = YES;
				IPHONEOS_DEPLOYMENT_TARGET = 17.0;
				MTL_ENABLE_DEBUG_INFO = NO;
				MTL_FAST_MATH = YES;
				PRODUCT_NAME = "$(TARGET_NAME)";
				SDKROOT = iphoneos;
				SWIFT_COMPILATION_MODE = wholemodule;
				SWIFT_OPTIMIZATION_LEVEL = "-O";
				SWIFT_VERSION = 5.0;
			};
			name = Release;
		};
		0E09E8961518655B2964A991 /* Debug */ = {
			isa = XCBuildConfiguration;
			buildSettings = {
				ALWAYS_SEARCH_USER_PATHS = NO;
				CLANG_ANALYZER_NONNULL = YES;
				CLANG_ANALYZER_NUMBER_OBJECT_CONVERSION = YES_AGGRESSIVE;
				CLANG_CXX_LANGUAGE_STANDARD = "gnu++14";
				CLANG_CXX_LIBRARY = "libc++";
				CLANG_ENABLE_MODULES = YES;
				CLANG_ENABLE_OBJC_ARC = YES;
				CLANG_ENABLE_OBJC_WEAK = YES;
				CLANG_WARN_BLOCK_CAPTURE_AUTORELEASING = YES;
				CLANG_WARN_BOOL_CONVERSION = YES;
				CLANG_WARN_COMMA = YES;
				CLANG_WARN_CONSTANT_CONVERSION = YES;
				CLANG_WARN_DEPRECATED_OBJC_IMPLEMENTATIONS = YES;
				CLANG_WARN_DIRECT_OBJC_ISA_USAGE = YES_ERROR;
				CLANG_WARN_DOCUMENTATION_COMMENTS = YES;
				CLANG_WARN_EMPTY_BODY = YES;
				CLANG_WARN_ENUM_CONVERSION = YES;
				CLANG_WARN_INFINITE_RECURSION = YES;
				CLANG_WARN_INT_CONVERSION = YES;
				CLANG_WARN_NON_LITERAL_NULL_CONVERSION = YES;
				CLANG_WARN_OBJC_IMPLICIT_RETAIN_SELF = YES;
				CLANG_WARN_OBJC_LITERAL_CONVERSION = YES;
				CLANG_WARN_OBJC_ROOT_CLASS = YES_ERROR;
				CLANG_WARN_QUOTED_INCLUDE_IN_FRAMEWORK_HEADER = YES;
				CLANG_WARN_RANGE_LOOP_ANALYSIS = YES;
				CLANG_WARN_STRICT_PROTOTYPES = YES;
				CLANG_WARN_SUSPICIOUS_MOVE = YES;
				CLANG_WARN_UNGUARDED_AVAILABILITY = YES_AGGRESSIVE;
				CLANG_WARN_UNREACHABLE_CODE = YES;
				CLANG_WARN__DUPLICATE_METHOD_MATCH = YES;
				COPY_PHASE_STRIP = NO;
				DEBUG_INFORMATION_FORMAT = dwarf;
				ENABLE_STRICT_OBJC_MSGSEND = YES;
				ENABLE_TESTABILITY = YES;
				GCC_C_LANGUAGE_STANDARD = gnu11;
				GCC_DYNAMIC_NO_PIC = NO;
				GCC_NO_COMMON_BLOCKS = YES;
				GCC_OPTIMIZATION_LEVEL = 0;
				GCC_PREPROCESSOR_DEFINITIONS = (
					"$(inherited)",
					"DEBUG=1",
				);
				GCC_WARN_64_TO_32_BIT_CONVERSION = YES;
				GCC_WARN_ABOUT_RETURN_TYPE = YES_ERROR;
				GCC_WARN_UNDECLARED_SELECTOR = YES;
				GCC_WARN_UNINITIALIZED_AUTOS = YES_AGGRESSIVE;
				GCC_WARN_UNUSED_FUNCTION = YES;
				GCC_WARN_UNUSED_VARIABLE = YES;
				IPHONEOS_DEPLOYMENT_TARGET = 17.0;
				MTL_ENABLE_DEBUG_INFO = INCLUDE_SOURCE;
				MTL_FAST_MATH = YES;
				ONLY_ACTIVE_ARCH = YES;
				PRODUCT_NAME = "$(TARGET_NAME)";
				SDKROOT = iphoneos;
				SWIFT_ACTIVE_COMPILATION_CONDITIONS = DEBUG;
				SWIFT_OPTIMIZATION_LEVEL = "-Onone";
				SWIFT_VERSION = 5.0;
			};
			name = Debug;
		};
		2E45F95DEE9074058E573E3C /* Debug */ = {
			isa = XCBuildConfiguration;
			buildSettings = {
				BUNDLE_LOADER = "$(TEST_HOST)";
				GENERATE_INFOPLIST_FILE = YES;
				IPHONEOS_DEPLOYMENT_TARGET = 17.0;
				LD_RUNPATH_SEARCH_PATHS = (
					"$(inherited)",
					"@executable_path/Frameworks",
					"@loader_path/Frameworks",
				);
				PRODUCT_BUNDLE_IDENTIFIER = com.elitehomefitness.MONTRATests;
				SDKROOT = iphoneos;
				SWIFT_VERSION = 5.0;
				TARGETED_DEVICE_FAMILY = "1,2";
				TEST_HOST = "$(BUILT_PRODUCTS_DIR)/MONTRA.app/MONTRA";
			};
			name = Debug;
		};
		341EEBECA858ACD17E9D9AFC /* Release */ = {
			isa = XCBuildConfiguration;
			buildSettings = {
				ASSETCATALOG_COMPILER_ALTERNATE_APPICON_NAMES = (
					AppIconDark,
					AppIconLight,
				);
				ASSETCATALOG_COMPILER_APPICON_NAME = AppIcon;
				CODE_SIGNING_ALLOWED = YES;
				CODE_SIGNING_REQUIRED = YES;
				CODE_SIGN_ENTITLEMENTS = MONTRA/MONTRA.entitlements;
				CODE_SIGN_IDENTITY = "iPhone Developer";
				CODE_SIGN_STYLE = Automatic;
				DEVELOPMENT_TEAM = X29HP9D526;
				INFOPLIST_FILE = MONTRA/Info.plist;
				IPHONEOS_DEPLOYMENT_TARGET = 17.0;
				LD_RUNPATH_SEARCH_PATHS = (
					"$(inherited)",
					"@executable_path/Frameworks",
				);
				PRODUCT_BUNDLE_IDENTIFIER = com.elitehomefitness.montra;
				SDKROOT = iphoneos;
				SWIFT_VERSION = 5.0;
				TARGETED_DEVICE_FAMILY = "1,2";
			};
			name = Release;
		};
		4BB76E4DB64141B4DFFDA5D4 /* Debug */ = {
			isa = XCBuildConfiguration;
			buildSettings = {
				ASSETCATALOG_COMPILER_ALTERNATE_APPICON_NAMES = (
					AppIconDark,
					AppIconLight,
				);
				ASSETCATALOG_COMPILER_APPICON_NAME = AppIcon;
				CODE_SIGNING_ALLOWED = YES;
				CODE_SIGNING_REQUIRED = YES;
				CODE_SIGN_ENTITLEMENTS = MONTRA/MONTRA.entitlements;
				CODE_SIGN_IDENTITY = "iPhone Developer";
				CODE_SIGN_STYLE = Automatic;
				DEVELOPMENT_TEAM = X29HP9D526;
				INFOPLIST_FILE = MONTRA/Info.plist;
				IPHONEOS_DEPLOYMENT_TARGET = 17.0;
				LD_RUNPATH_SEARCH_PATHS = (
					"$(inherited)",
					"@executable_path/Frameworks",
				);
				PRODUCT_BUNDLE_IDENTIFIER = com.elitehomefitness.montra;
				SDKROOT = iphoneos;
				SWIFT_VERSION = 5.0;
				TARGETED_DEVICE_FAMILY = "1,2";
			};
			name = Debug;
		};
		A1E69AFB2F5FEFD840AA14B2 /* Release */ = {
			isa = XCBuildConfiguration;
			buildSettings = {
				BUNDLE_LOADER = "$(TEST_HOST)";
				GENERATE_INFOPLIST_FILE = YES;
				IPHONEOS_DEPLOYMENT_TARGET = 17.0;
				LD_RUNPATH_SEARCH_PATHS = (
					"$(inherited)",
					"@executable_path/Frameworks",
					"@loader_path/Frameworks",
				);
				PRODUCT_BUNDLE_IDENTIFIER = com.elitehomefitness.MONTRATests;
				SDKROOT = iphoneos;
				SWIFT_VERSION = 5.0;
				TARGETED_DEVICE_FAMILY = "1,2";
				TEST_HOST = "$(BUILT_PRODUCTS_DIR)/MONTRA.app/MONTRA";
			};
			name = Release;
		};
/* End XCBuildConfiguration section */

/* Begin XCConfigurationList section */
		21B07A06AB42764323DA18CC /* Build configuration list for PBXNativeTarget "MONTRA" */ = {
			isa = XCConfigurationList;
			buildConfigurations = (
				4BB76E4DB64141B4DFFDA5D4 /* Debug */,
				341EEBECA858ACD17E9D9AFC /* Release */,
			);
			defaultConfigurationIsVisible = 0;
			defaultConfigurationName = Debug;
		};
		3543EDF9DF1AAB8ADB194413 /* Build configuration list for PBXProject "MONTRA" */ = {
			isa = XCConfigurationList;
			buildConfigurations = (
				0E09E8961518655B2964A991 /* Debug */,
				0209E1A74D208DD8F9F3C6DC /* Release */,
			);
			defaultConfigurationIsVisible = 0;
			defaultConfigurationName = Debug;
		};
		C3749FF1E001A9D890ECC424 /* Build configuration list for PBXNativeTarget "MONTRATests" */ = {
			isa = XCConfigurationList;
			buildConfigurations = (
				2E45F95DEE9074058E573E3C /* Debug */,
				A1E69AFB2F5FEFD840AA14B2 /* Release */,
			);
			defaultConfigurationIsVisible = 0;
			defaultConfigurationName = Debug;
		};
/* End XCConfigurationList section */

/* Begin XCRemoteSwiftPackageReference section */
		9C94903CC880F3914F7AF4B9 /* XCRemoteSwiftPackageReference "stripe-ios-spm" */ = {
			isa = XCRemoteSwiftPackageReference;
			repositoryURL = "https://github.com/stripe/stripe-ios-spm.git";
			requirement = {
				kind = upToNextMajorVersion;
				minimumVersion = 23.0.0;
			};
		};
		F8B82E658239FF74FFF3AF72 /* XCRemoteSwiftPackageReference "firebase-ios-sdk" */ = {
			isa = XCRemoteSwiftPackageReference;
			repositoryURL = "https://github.com/firebase/firebase-ios-sdk.git";
			requirement = {
				kind = upToNextMajorVersion;
				minimumVersion = 11.0.0;
			};
		};
/* End XCRemoteSwiftPackageReference section */

/* Begin XCSwiftPackageProductDependency section */
		0CA30C01512DEA2A9B503157 /* FirebaseAuth */ = {
			isa = XCSwiftPackageProductDependency;
			package = F8B82E658239FF74FFF3AF72 /* XCRemoteSwiftPackageReference "firebase-ios-sdk" */;
			productName = FirebaseAuth;
		};
		E4DD94AEEAA8C8CC006D9076 /* StripePaymentSheet */ = {
			isa = XCSwiftPackageProductDependency;
			package = 9C94903CC880F3914F7AF4B9 /* XCRemoteSwiftPackageReference "stripe-ios-spm" */;
			productName = StripePaymentSheet;
		};
		E84CC16AD8615D0E9C50AEDE /* FirebaseMessaging */ = {
			isa = XCSwiftPackageProductDependency;
			package = F8B82E658239FF74FFF3AF72 /* XCRemoteSwiftPackageReference "firebase-ios-sdk" */;
			productName = FirebaseMessaging;
		};
/* End XCSwiftPackageProductDependency section */
	};
	rootObject = CAD69D8301143C035D025FCE /* Project object */;
}
